
Microsoft Visual Studio Solution File, Format Version 12.00
# Visual Studio Version 17
VisualStudioVersion = 17.10.35004.147
MinimumVisualStudioVersion = 10.0.40219.1
Project("{FAE04EC0-301F-11D3-BF4B-00C04F79EFBC}") = "CyberAware", "CyberAware\CyberAware.csproj", "{27768127-C4A8-4CB4-8B1A-5EA17B4C9868}"
EndProject
Global
	GlobalSection(SolutionConfigurationPlatforms) = preSolution
		Debug|Any CPU = Debug|Any CPU
		Release|Any CPU = Release|Any CPU
	EndGlobalSection
	GlobalSection(ProjectConfigurationPlatforms) = postSolution
		{27768127-C4A8-4CB4-8B1A-5EA17B4C9868}.Debug|Any CPU.ActiveCfg = Debug|Any CPU
		{27768127-C4A8-4CB4-8B1A-5EA17B4C9868}.Debug|Any CPU.Build.0 = Debug|Any CPU
		{27768127-C4A8-4CB4-8B1A-5EA17B4C9868}.Release|Any CPU.ActiveCfg = Release|Any CPU
		{27768127-C4A8-4CB4-8B1A-5EA17B4C9868}.Release|Any CPU.Build.0 = Release|Any CPU
	EndGlobalSection
	GlobalSection(SolutionProperties) = preSolution
		HideSolutionNode = FALSE
	EndGlobalSection
	GlobalSection(ExtensibilityGlobals) = postSolution
		SolutionGuid = {4B5477A9-B47B-4B1C-B0AC-FC71AE265C37}
	EndGlobalSection
EndGlobal
